
Microsoft Visual Studio Solution File, Format Version 12.00
# Visual Studio Version 17
VisualStudioVersion = 17.0.32112.339
MinimumVisualStudioVersion = 10.0.40219.1
Project("{FAE04EC0-301F-11D3-BF4B-00C04F79EFBC}") = "PvRecorderSpike", "PvRecorderSpike.csproj", "{6B552DF4-E1A7-4BA6-BA9C-274C67102546}"
EndProject
Global
	GlobalSection(SolutionConfigurationPlatforms) = preSolution
		Debug|Any CPU = Debug|Any CPU
		Release|Any CPU = Release|Any CPU
	EndGlobalSection
	GlobalSection(ProjectConfigurationPlatforms) = postSolution
		{6B552DF4-E1A7-4BA6-BA9C-274C67102546}.Debug|Any CPU.ActiveCfg = Debug|Any CPU
		{6B552DF4-E1A7-4BA6-BA9C-274C67102546}.Debug|Any CPU.Build.0 = Debug|Any CPU
		{6B552DF4-E1A7-4BA6-BA9C-274C67102546}.Release|Any CPU.ActiveCfg = Release|Any CPU
		{6B552DF4-E1A7-4BA6-BA9C-274C67102546}.Release|Any CPU.Build.0 = Release|Any CPU
	EndGlobalSection
	GlobalSection(SolutionProperties) = preSolution
		HideSolutionNode = FALSE
	EndGlobalSection
	GlobalSection(ExtensibilityGlobals) = postSolution
		SolutionGuid = {85809186-9D5A-4FE2-8E0E-038BA5266560}
	EndGlobalSection
EndGlobal
